
Microsoft Visual Studio Solution File, Format Version 12.00
# Visual Studio Version 16
VisualStudioVersion = 16.0.29102.190
MinimumVisualStudioVersion = 10.0.40219.1
Project("{9A19103F-16F7-4668-BE54-9A1E7A4F7556}") = "MeteoSharp", "MeteoSharp\MeteoSharp.csproj", "{B4BB2224-DA5D-44A8-ACB4-350680141397}"
EndProject
Project("{9A19103F-16F7-4668-BE54-9A1E7A4F7556}") = "MeteoSharp.Tests", "MeteoSharp.Tests\MeteoSharp.Tests.csproj", "{501577F8-6C98-4EF2-BE97-3B3F0738FEFB}"
EndProject
Project("{9A19103F-16F7-4668-BE54-9A1E7A4F7556}") = "MeteoSharp.Benchmarks", "MeteoSharp.Benchmarks\MeteoSharp.Benchmarks.csproj", "{041F5840-9051-47CA-B463-17DAFC5D9B54}"
EndProject
Project("{9A19103F-16F7-4668-BE54-9A1E7A4F7556}") = "MeteoSharp.Readers", "MeteoSharp.Readers\MeteoSharp.Readers.csproj", "{EDBBA292-2973-42E2-AE66-26558D02FAF0}"
EndProject
Project("{FAE04EC0-301F-11D3-BF4B-00C04F79EFBC}") = "MeteoSharp.Readers.Tests", "MeteoSharp.Readers.Tests\MeteoSharp.Readers.Tests.csproj", "{B5221E9E-8D48-4995-9272-AA591634883A}"
EndProject
Global
	GlobalSection(SolutionConfigurationPlatforms) = preSolution
		Debug|Any CPU = Debug|Any CPU
		Release|Any CPU = Release|Any CPU
	EndGlobalSection
	GlobalSection(ProjectConfigurationPlatforms) = postSolution
		{B4BB2224-DA5D-44A8-ACB4-350680141397}.Debug|Any CPU.ActiveCfg = Debug|Any CPU
		{B4BB2224-DA5D-44A8-ACB4-350680141397}.Debug|Any CPU.Build.0 = Debug|Any CPU
		{B4BB2224-DA5D-44A8-ACB4-350680141397}.Release|Any CPU.ActiveCfg = Release|Any CPU
		{B4BB2224-DA5D-44A8-ACB4-350680141397}.Release|Any CPU.Build.0 = Release|Any CPU
		{501577F8-6C98-4EF2-BE97-3B3F0738FEFB}.Debug|Any CPU.ActiveCfg = Debug|Any CPU
		{501577F8-6C98-4EF2-BE97-3B3F0738FEFB}.Debug|Any CPU.Build.0 = Debug|Any CPU
		{501577F8-6C98-4EF2-BE97-3B3F0738FEFB}.Release|Any CPU.ActiveCfg = Release|Any CPU
		{501577F8-6C98-4EF2-BE97-3B3F0738FEFB}.Release|Any CPU.Build.0 = Release|Any CPU
		{041F5840-9051-47CA-B463-17DAFC5D9B54}.Debug|Any CPU.ActiveCfg = Debug|Any CPU
		{041F5840-9051-47CA-B463-17DAFC5D9B54}.Debug|Any CPU.Build.0 = Debug|Any CPU
		{041F5840-9051-47CA-B463-17DAFC5D9B54}.Release|Any CPU.ActiveCfg = Release|Any CPU
		{041F5840-9051-47CA-B463-17DAFC5D9B54}.Release|Any CPU.Build.0 = Release|Any CPU
		{EDBBA292-2973-42E2-AE66-26558D02FAF0}.Debug|Any CPU.ActiveCfg = Debug|Any CPU
		{EDBBA292-2973-42E2-AE66-26558D02FAF0}.Debug|Any CPU.Build.0 = Debug|Any CPU
		{EDBBA292-2973-42E2-AE66-26558D02FAF0}.Release|Any CPU.ActiveCfg = Release|Any CPU
		{EDBBA292-2973-42E2-AE66-26558D02FAF0}.Release|Any CPU.Build.0 = Release|Any CPU
		{B5221E9E-8D48-4995-9272-AA591634883A}.Debug|Any CPU.ActiveCfg = Debug|Any CPU
		{B5221E9E-8D48-4995-9272-AA591634883A}.Debug|Any CPU.Build.0 = Debug|Any CPU
		{B5221E9E-8D48-4995-9272-AA591634883A}.Release|Any CPU.ActiveCfg = Release|Any CPU
		{B5221E9E-8D48-4995-9272-AA591634883A}.Release|Any CPU.Build.0 = Release|Any CPU
	EndGlobalSection
	GlobalSection(SolutionProperties) = preSolution
		HideSolutionNode = FALSE
	EndGlobalSection
	GlobalSection(ExtensibilityGlobals) = postSolution
		SolutionGuid = {A6115F0E-46B3-49F8-B360-E23EB19B6DFA}
	EndGlobalSection
EndGlobal
